
Microsoft Visual Studio Solution File, Format Version 12.00
# Visual Studio Version 17
VisualStudioVersion = 17.13.35825.156
MinimumVisualStudioVersion = 10.0.40219.1
Project("{FAE04EC0-301F-11D3-BF4B-00C04F79EFBC}") = "PurchaseAPI", "PurchaseAPI\PurchaseAPI.csproj", "{977B6A33-206D-4D3D-A204-12A42C1FD76A}"
EndProject
Project("{FAE04EC0-301F-11D3-BF4B-00C04F79EFBC}") = "Purchase.Core", "Purchase.Core\Purchase.Core.csproj", "{20893513-F899-451C-9BF1-A5C81A346C25}"
EndProject
Project("{FAE04EC0-301F-11D3-BF4B-00C04F79EFBC}") = "Purchase.Infrastructure", "Purchase.Infrastructure\Purchase.Infrastructure.csproj", "{4547764A-9BC9-4AE2-B4E5-F2C9DA66265F}"
EndProject
Project("{E53339B2-1760-4266-BCC7-CA923CBCF16C}") = "docker-compose", "docker-compose.dcproj", "{81DDED9D-158B-E303-5F62-77A2896D2A5A}"
EndProject
Project("{FAE04EC0-301F-11D3-BF4B-00C04F79EFBC}") = "Purchase.UnitTests", "Purchase.Core.UnitTests\Purchase.UnitTests.csproj", "{E55DB910-4FEF-4176-9946-B5AA6037D777}"
EndProject
Project("{FAE04EC0-301F-11D3-BF4B-00C04F79EFBC}") = "Purchase.IntegrationTests", "Purchase.IntegrationTests\Purchase.IntegrationTests.csproj", "{1E5C46FB-131C-4541-94B3-D3A665AC2331}"
EndProject
Global
	GlobalSection(SolutionConfigurationPlatforms) = preSolution
		Debug|Any CPU = Debug|Any CPU
		Release|Any CPU = Release|Any CPU
	EndGlobalSection
	GlobalSection(ProjectConfigurationPlatforms) = postSolution
		{977B6A33-206D-4D3D-A204-12A42C1FD76A}.Debug|Any CPU.ActiveCfg = Debug|Any CPU
		{977B6A33-206D-4D3D-A204-12A42C1FD76A}.Debug|Any CPU.Build.0 = Debug|Any CPU
		{977B6A33-206D-4D3D-A204-12A42C1FD76A}.Release|Any CPU.ActiveCfg = Release|Any CPU
		{977B6A33-206D-4D3D-A204-12A42C1FD76A}.Release|Any CPU.Build.0 = Release|Any CPU
		{20893513-F899-451C-9BF1-A5C81A346C25}.Debug|Any CPU.ActiveCfg = Debug|Any CPU
		{20893513-F899-451C-9BF1-A5C81A346C25}.Debug|Any CPU.Build.0 = Debug|Any CPU
		{20893513-F899-451C-9BF1-A5C81A346C25}.Release|Any CPU.ActiveCfg = Release|Any CPU
		{20893513-F899-451C-9BF1-A5C81A346C25}.Release|Any CPU.Build.0 = Release|Any CPU
		{4547764A-9BC9-4AE2-B4E5-F2C9DA66265F}.Debug|Any CPU.ActiveCfg = Debug|Any CPU
		{4547764A-9BC9-4AE2-B4E5-F2C9DA66265F}.Debug|Any CPU.Build.0 = Debug|Any CPU
		{4547764A-9BC9-4AE2-B4E5-F2C9DA66265F}.Release|Any CPU.ActiveCfg = Release|Any CPU
		{4547764A-9BC9-4AE2-B4E5-F2C9DA66265F}.Release|Any CPU.Build.0 = Release|Any CPU
		{81DDED9D-158B-E303-5F62-77A2896D2A5A}.Debug|Any CPU.ActiveCfg = Debug|Any CPU
		{81DDED9D-158B-E303-5F62-77A2896D2A5A}.Debug|Any CPU.Build.0 = Debug|Any CPU
		{81DDED9D-158B-E303-5F62-77A2896D2A5A}.Release|Any CPU.ActiveCfg = Release|Any CPU
		{81DDED9D-158B-E303-5F62-77A2896D2A5A}.Release|Any CPU.Build.0 = Release|Any CPU
		{E55DB910-4FEF-4176-9946-B5AA6037D777}.Debug|Any CPU.ActiveCfg = Debug|Any CPU
		{E55DB910-4FEF-4176-9946-B5AA6037D777}.Debug|Any CPU.Build.0 = Debug|Any CPU
		{E55DB910-4FEF-4176-9946-B5AA6037D777}.Release|Any CPU.ActiveCfg = Release|Any CPU
		{E55DB910-4FEF-4176-9946-B5AA6037D777}.Release|Any CPU.Build.0 = Release|Any CPU
		{1E5C46FB-131C-4541-94B3-D3A665AC2331}.Debug|Any CPU.ActiveCfg = Debug|Any CPU
		{1E5C46FB-131C-4541-94B3-D3A665AC2331}.Debug|Any CPU.Build.0 = Debug|Any CPU
		{1E5C46FB-131C-4541-94B3-D3A665AC2331}.Release|Any CPU.ActiveCfg = Release|Any CPU
		{1E5C46FB-131C-4541-94B3-D3A665AC2331}.Release|Any CPU.Build.0 = Release|Any CPU
	EndGlobalSection
	GlobalSection(SolutionProperties) = preSolution
		HideSolutionNode = FALSE
	EndGlobalSection
	GlobalSection(ExtensibilityGlobals) = postSolution
		SolutionGuid = {E646F007-C55D-4ECE-9AD1-396D5816CBC5}
	EndGlobalSection
EndGlobal
